
Microsoft Visual Studio Solution File, Format Version 12.00
# Visual Studio Version 17
VisualStudioVersion = 17.13.35931.197
MinimumVisualStudioVersion = 10.0.40219.1
Project("{FAE04EC0-301F-11D3-BF4B-00C04F79EFBC}") = "IMT_Reservas.Server", "Server\IMT_Reservas.Server.csproj", "{3B927C25-A636-4FD3-ABDE-C2ED0EF06232}"
EndProject
Project("{FAE04EC0-301F-11D3-BF4B-00C04F79EFBC}") = "IMT_Reservas.Tests", "Tests\\IMT_Reservas.Tests.csproj", "{6868FE5D-AED9-46BD-8DFF-2D5C8D4A76F5}"
EndProject
Global
	GlobalSection(SolutionConfigurationPlatforms) = preSolution
		Debug|Any CPU = Debug|Any CPU
		Release|Any CPU = Release|Any CPU
	EndGlobalSection
	GlobalSection(ProjectConfigurationPlatforms) = postSolution
		{3B927C25-A636-4FD3-ABDE-C2ED0EF06232}.Debug|Any CPU.ActiveCfg = Debug|Any CPU
		{3B927C25-A636-4FD3-ABDE-C2ED0EF06232}.Debug|Any CPU.Build.0 = Debug|Any CPU
		{3B927C25-A636-4FD3-ABDE-C2ED0EF06232}.Release|Any CPU.ActiveCfg = Release|Any CPU
		{3B927C25-A636-4FD3-ABDE-C2ED0EF06232}.Release|Any CPU.Build.0 = Release|Any CPU
		{6868FE5D-AED9-46BD-8DFF-2D5C8D4A76F5}.Debug|Any CPU.ActiveCfg = Debug|Any CPU
		{6868FE5D-AED9-46BD-8DFF-2D5C8D4A76F5}.Debug|Any CPU.Build.0 = Debug|Any CPU
		{6868FE5D-AED9-46BD-8DFF-2D5C8D4A76F5}.Release|Any CPU.ActiveCfg = Release|Any CPU
		{6868FE5D-AED9-46BD-8DFF-2D5C8D4A76F5}.Release|Any CPU.Build.0 = Release|Any CPU
	EndGlobalSection
	GlobalSection(SolutionProperties) = preSolution
		HideSolutionNode = FALSE
	EndGlobalSection
	GlobalSection(ExtensibilityGlobals) = postSolution
		SolutionGuid = {08D017AB-D79D-4EB5-AD33-93A7EA967F77}
	EndGlobalSection
EndGlobal
